
Microsoft Visual Studio Solution File, Format Version 12.00
# Visual Studio Version 17
VisualStudioVersion = 17.11.35222.181
MinimumVisualStudioVersion = 10.0.40219.1
Project("{9A19103F-16F7-4668-BE54-9A1E7A4F7556}") = "FreeEC", "FreeEC\FreeEC.csproj", "{45846C70-332F-4E0B-81AF-E869741E831C}"
EndProject
Project("{9A19103F-16F7-4668-BE54-9A1E7A4F7556}") = "Generators", "Generators\Generators.csproj", "{D947A037-9238-49A1-ADCD-2F75AEAC5D4B}"
EndProject
Project("{9A19103F-16F7-4668-BE54-9A1E7A4F7556}") = "Tester", "Tester\Tester.csproj", "{956F82F3-4EFC-4EC4-917D-02A3A8CDB518}"
EndProject
Global
	GlobalSection(SolutionConfigurationPlatforms) = preSolution
		Debug|Any CPU = Debug|Any CPU
		Release|Any CPU = Release|Any CPU
	EndGlobalSection
	GlobalSection(ProjectConfigurationPlatforms) = postSolution
		{45846C70-332F-4E0B-81AF-E869741E831C}.Debug|Any CPU.ActiveCfg = Debug|Any CPU
		{45846C70-332F-4E0B-81AF-E869741E831C}.Debug|Any CPU.Build.0 = Debug|Any CPU
		{45846C70-332F-4E0B-81AF-E869741E831C}.Release|Any CPU.ActiveCfg = Release|Any CPU
		{45846C70-332F-4E0B-81AF-E869741E831C}.Release|Any CPU.Build.0 = Release|Any CPU
		{D947A037-9238-49A1-ADCD-2F75AEAC5D4B}.Debug|Any CPU.ActiveCfg = Debug|Any CPU
		{D947A037-9238-49A1-ADCD-2F75AEAC5D4B}.Debug|Any CPU.Build.0 = Debug|Any CPU
		{D947A037-9238-49A1-ADCD-2F75AEAC5D4B}.Release|Any CPU.ActiveCfg = Release|Any CPU
		{D947A037-9238-49A1-ADCD-2F75AEAC5D4B}.Release|Any CPU.Build.0 = Release|Any CPU
		{956F82F3-4EFC-4EC4-917D-02A3A8CDB518}.Debug|Any CPU.ActiveCfg = Debug|Any CPU
		{956F82F3-4EFC-4EC4-917D-02A3A8CDB518}.Debug|Any CPU.Build.0 = Debug|Any CPU
		{956F82F3-4EFC-4EC4-917D-02A3A8CDB518}.Release|Any CPU.ActiveCfg = Release|Any CPU
		{956F82F3-4EFC-4EC4-917D-02A3A8CDB518}.Release|Any CPU.Build.0 = Release|Any CPU
	EndGlobalSection
	GlobalSection(SolutionProperties) = preSolution
		HideSolutionNode = FALSE
	EndGlobalSection
	GlobalSection(ExtensibilityGlobals) = postSolution
		SolutionGuid = {2C694F59-EFB1-4C02-99C2-B7674BA584C4}
	EndGlobalSection
EndGlobal
